
Microsoft Visual Studio Solution File, Format Version 12.00
# Visual Studio 14
VisualStudioVersion = 14.0.25420.1
MinimumVisualStudioVersion = 10.0.40219.1
Project("{FAE04EC0-301F-11D3-BF4B-00C04F79EFBC}") = "ODISMember.Droid", "ODISMember\ODISMember.Droid\ODISMember.Droid.csproj", "{7C0E80CE-6ABF-4A60-BA5D-5FA066CEC223}"
EndProject
Project("{FAE04EC0-301F-11D3-BF4B-00C04F79EFBC}") = "ODISMember.iOS", "ODISMember\ODISMember.iOS\ODISMember.iOS.csproj", "{34559ACE-A32F-4E72-B21F-A849740FBBA2}"
EndProject
Project("{FAE04EC0-301F-11D3-BF4B-00C04F79EFBC}") = "ODISMember.WinPhone", "ODISMember\ODISMember.WinPhone\ODISMember.WinPhone.csproj", "{4594C8C6-9A5C-4B7C-98F2-10483F9FB911}"
EndProject
Project("{FAE04EC0-301F-11D3-BF4B-00C04F79EFBC}") = "ODISMember", "ODISMember\ODISMember\ODISMember.csproj", "{24152709-66A2-495D-83F9-815C63DFA4E8}"
EndProject
Project("{FAE04EC0-301F-11D3-BF4B-00C04F79EFBC}") = "ODISMember.Entities", "ODISMember.Entities\ODISMember.Entities.csproj", "{3D5C3466-F7B8-44AB-9231-C82E33A23C1C}"
EndProject
Project("{FAE04EC0-301F-11D3-BF4B-00C04F79EFBC}") = "ODISMember.Services", "ODISMember.Services\ODISMember.Services.csproj", "{B707E1F8-AD14-4C29-9A73-FA5CF560BD38}"
EndProject
Project("{FAE04EC0-301F-11D3-BF4B-00C04F79EFBC}") = "ODISMember.UITests", "ODISMember.UITests\ODISMember.UITests.csproj", "{1AE6985C-213A-4734-9C1F-D5409C0CC020}"
EndProject
Project("{2150E333-8FDC-42A3-9474-1A3956D46DE8}") = "TK.CustomMap", "TK.CustomMap", "{3C53A813-527B-41DD-A66F-8F60C4B1BF11}"
EndProject
Project("{FAE04EC0-301F-11D3-BF4B-00C04F79EFBC}") = "TK.CustomMap", "TK.CustomMap\TK.CustomMap\TK.CustomMap.csproj", "{14C534B6-1984-41A9-A384-D3A5508588E3}"
EndProject
Project("{FAE04EC0-301F-11D3-BF4B-00C04F79EFBC}") = "TK.CustomMap.Android", "TK.CustomMap\TK.CustomMap.Android\TK.CustomMap.Android.csproj", "{AD2D2DB4-E781-4CF1-9B62-3AAD264F196D}"
EndProject
Project("{FAE04EC0-301F-11D3-BF4B-00C04F79EFBC}") = "TK.CustomMap.iOSUnified", "TK.CustomMap\TK.CustomMap.iOSUnified\TK.CustomMap.iOSUnified.csproj", "{D525F236-6A2D-4010-B1CC-4A4B8581C90B}"
EndProject
Project("{FAE04EC0-301F-11D3-BF4B-00C04F79EFBC}") = "Xamarin.CropView", "Xamarin.CropView\Xamarin.CropView.csproj", "{2BDB1596-0F3F-4E2E-B8DE-F3DD7FCC9F27}"
EndProject
Project("{FAE04EC0-301F-11D3-BF4B-00C04F79EFBC}") = "Mobile.UITest", "Mobile.UITest\Mobile.UITest.csproj", "{F5675660-5A30-4CEC-AE5F-F19194AFF326}"
EndProject
Global
	GlobalSection(SolutionConfigurationPlatforms) = preSolution
		Ad-Hoc|Any CPU = Ad-Hoc|Any CPU
		Ad-Hoc|ARM = Ad-Hoc|ARM
		Ad-Hoc|iPhone = Ad-Hoc|iPhone
		Ad-Hoc|iPhoneSimulator = Ad-Hoc|iPhoneSimulator
		Ad-Hoc|Mixed Platforms = Ad-Hoc|Mixed Platforms
		Ad-Hoc|x86 = Ad-Hoc|x86
		AppStore|Any CPU = AppStore|Any CPU
		AppStore|ARM = AppStore|ARM
		AppStore|iPhone = AppStore|iPhone
		AppStore|iPhoneSimulator = AppStore|iPhoneSimulator
		AppStore|Mixed Platforms = AppStore|Mixed Platforms
		AppStore|x86 = AppStore|x86
		Debug|Any CPU = Debug|Any CPU
		Debug|ARM = Debug|ARM
		Debug|iPhone = Debug|iPhone
		Debug|iPhoneSimulator = Debug|iPhoneSimulator
		Debug|Mixed Platforms = Debug|Mixed Platforms
		Debug|x86 = Debug|x86
		Release|Any CPU = Release|Any CPU
		Release|ARM = Release|ARM
		Release|iPhone = Release|iPhone
		Release|iPhoneSimulator = Release|iPhoneSimulator
		Release|Mixed Platforms = Release|Mixed Platforms
		Release|x86 = Release|x86
	EndGlobalSection
	GlobalSection(ProjectConfigurationPlatforms) = postSolution
		{7C0E80CE-6ABF-4A60-BA5D-5FA066CEC223}.Ad-Hoc|Any CPU.ActiveCfg = Release|Any CPU
		{7C0E80CE-6ABF-4A60-BA5D-5FA066CEC223}.Ad-Hoc|Any CPU.Build.0 = Release|Any CPU
		{7C0E80CE-6ABF-4A60-BA5D-5FA066CEC223}.Ad-Hoc|Any CPU.Deploy.0 = Release|Any CPU
		{7C0E80CE-6ABF-4A60-BA5D-5FA066CEC223}.Ad-Hoc|ARM.ActiveCfg = Release|Any CPU
		{7C0E80CE-6ABF-4A60-BA5D-5FA066CEC223}.Ad-Hoc|iPhone.ActiveCfg = Release|Any CPU
		{7C0E80CE-6ABF-4A60-BA5D-5FA066CEC223}.Ad-Hoc|iPhoneSimulator.ActiveCfg = Release|Any CPU
		{7C0E80CE-6ABF-4A60-BA5D-5FA066CEC223}.Ad-Hoc|Mixed Platforms.ActiveCfg = Release|Any CPU
		{7C0E80CE-6ABF-4A60-BA5D-5FA066CEC223}.Ad-Hoc|Mixed Platforms.Build.0 = Release|Any CPU
		{7C0E80CE-6ABF-4A60-BA5D-5FA066CEC223}.Ad-Hoc|Mixed Platforms.Deploy.0 = Release|Any CPU
		{7C0E80CE-6ABF-4A60-BA5D-5FA066CEC223}.Ad-Hoc|x86.ActiveCfg = Release|Any CPU
		{7C0E80CE-6ABF-4A60-BA5D-5FA066CEC223}.AppStore|Any CPU.ActiveCfg = Release|Any CPU
		{7C0E80CE-6ABF-4A60-BA5D-5FA066CEC223}.AppStore|Any CPU.Build.0 = Release|Any CPU
		{7C0E80CE-6ABF-4A60-BA5D-5FA066CEC223}.AppStore|Any CPU.Deploy.0 = Release|Any CPU
		{7C0E80CE-6ABF-4A60-BA5D-5FA066CEC223}.AppStore|ARM.ActiveCfg = Release|Any CPU
		{7C0E80CE-6ABF-4A60-BA5D-5FA066CEC223}.AppStore|iPhone.ActiveCfg = Release|Any CPU
		{7C0E80CE-6ABF-4A60-BA5D-5FA066CEC223}.AppStore|iPhoneSimulator.ActiveCfg = Release|Any CPU
		{7C0E80CE-6ABF-4A60-BA5D-5FA066CEC223}.AppStore|Mixed Platforms.ActiveCfg = Release|Any CPU
		{7C0E80CE-6ABF-4A60-BA5D-5FA066CEC223}.AppStore|Mixed Platforms.Build.0 = Release|Any CPU
		{7C0E80CE-6ABF-4A60-BA5D-5FA066CEC223}.AppStore|Mixed Platforms.Deploy.0 = Release|Any CPU
		{7C0E80CE-6ABF-4A60-BA5D-5FA066CEC223}.AppStore|x86.ActiveCfg = Release|Any CPU
		{7C0E80CE-6ABF-4A60-BA5D-5FA066CEC223}.Debug|Any CPU.ActiveCfg = Debug|Any CPU
		{7C0E80CE-6ABF-4A60-BA5D-5FA066CEC223}.Debug|Any CPU.Build.0 = Debug|Any CPU
		{7C0E80CE-6ABF-4A60-BA5D-5FA066CEC223}.Debug|Any CPU.Deploy.0 = Debug|Any CPU
		{7C0E80CE-6ABF-4A60-BA5D-5FA066CEC223}.Debug|ARM.ActiveCfg = Debug|Any CPU
		{7C0E80CE-6ABF-4A60-BA5D-5FA066CEC223}.Debug|iPhone.ActiveCfg = Debug|Any CPU
		{7C0E80CE-6ABF-4A60-BA5D-5FA066CEC223}.Debug|iPhoneSimulator.ActiveCfg = Debug|Any CPU
		{7C0E80CE-6ABF-4A60-BA5D-5FA066CEC223}.Debug|Mixed Platforms.ActiveCfg = Debug|Any CPU
		{7C0E80CE-6ABF-4A60-BA5D-5FA066CEC223}.Debug|Mixed Platforms.Build.0 = Debug|Any CPU
		{7C0E80CE-6ABF-4A60-BA5D-5FA066CEC223}.Debug|Mixed Platforms.Deploy.0 = Debug|Any CPU
		{7C0E80CE-6ABF-4A60-BA5D-5FA066CEC223}.Debug|x86.ActiveCfg = Debug|Any CPU
		{7C0E80CE-6ABF-4A60-BA5D-5FA066CEC223}.Release|Any CPU.ActiveCfg = Release|Any CPU
		{7C0E80CE-6ABF-4A60-BA5D-5FA066CEC223}.Release|Any CPU.Build.0 = Release|Any CPU
		{7C0E80CE-6ABF-4A60-BA5D-5FA066CEC223}.Release|Any CPU.Deploy.0 = Release|Any CPU
		{7C0E80CE-6ABF-4A60-BA5D-5FA066CEC223}.Release|ARM.ActiveCfg = Release|Any CPU
		{7C0E80CE-6ABF-4A60-BA5D-5FA066CEC223}.Release|iPhone.ActiveCfg = Release|Any CPU
		{7C0E80CE-6ABF-4A60-BA5D-5FA066CEC223}.Release|iPhone.Build.0 = Release|Any CPU
		{7C0E80CE-6ABF-4A60-BA5D-5FA066CEC223}.Release|iPhoneSimulator.ActiveCfg = Release|Any CPU
		{7C0E80CE-6ABF-4A60-BA5D-5FA066CEC223}.Release|Mixed Platforms.ActiveCfg = Release|Any CPU
		{7C0E80CE-6ABF-4A60-BA5D-5FA066CEC223}.Release|Mixed Platforms.Build.0 = Release|Any CPU
		{7C0E80CE-6ABF-4A60-BA5D-5FA066CEC223}.Release|Mixed Platforms.Deploy.0 = Release|Any CPU
		{7C0E80CE-6ABF-4A60-BA5D-5FA066CEC223}.Release|x86.ActiveCfg = Release|Any CPU
		{34559ACE-A32F-4E72-B21F-A849740FBBA2}.Ad-Hoc|Any CPU.ActiveCfg = Ad-Hoc|iPhone
		{34559ACE-A32F-4E72-B21F-A849740FBBA2}.Ad-Hoc|ARM.ActiveCfg = Ad-Hoc|iPhone
		{34559ACE-A32F-4E72-B21F-A849740FBBA2}.Ad-Hoc|iPhone.ActiveCfg = Ad-Hoc|iPhone
		{34559ACE-A32F-4E72-B21F-A849740FBBA2}.Ad-Hoc|iPhone.Build.0 = Ad-Hoc|iPhone
		{34559ACE-A32F-4E72-B21F-A849740FBBA2}.Ad-Hoc|iPhone.Deploy.0 = Ad-Hoc|iPhone
		{34559ACE-A32F-4E72-B21F-A849740FBBA2}.Ad-Hoc|iPhoneSimulator.ActiveCfg = Ad-Hoc|iPhoneSimulator
		{34559ACE-A32F-4E72-B21F-A849740FBBA2}.Ad-Hoc|iPhoneSimulator.Build.0 = Ad-Hoc|iPhoneSimulator
		{34559ACE-A32F-4E72-B21F-A849740FBBA2}.Ad-Hoc|Mixed Platforms.ActiveCfg = Ad-Hoc|iPhone
		{34559ACE-A32F-4E72-B21F-A849740FBBA2}.Ad-Hoc|Mixed Platforms.Build.0 = Ad-Hoc|iPhone
		{34559ACE-A32F-4E72-B21F-A849740FBBA2}.Ad-Hoc|x86.ActiveCfg = Ad-Hoc|iPhone
		{34559ACE-A32F-4E72-B21F-A849740FBBA2}.AppStore|Any CPU.ActiveCfg = AppStore|iPhone
		{34559ACE-A32F-4E72-B21F-A849740FBBA2}.AppStore|ARM.ActiveCfg = AppStore|iPhone
		{34559ACE-A32F-4E72-B21F-A849740FBBA2}.AppStore|iPhone.ActiveCfg = AppStore|iPhone
		{34559ACE-A32F-4E72-B21F-A849740FBBA2}.AppStore|iPhone.Build.0 = AppStore|iPhone
		{34559ACE-A32F-4E72-B21F-A849740FBBA2}.AppStore|iPhoneSimulator.ActiveCfg = AppStore|iPhoneSimulator
		{34559ACE-A32F-4E72-B21F-A849740FBBA2}.AppStore|iPhoneSimulator.Build.0 = AppStore|iPhoneSimulator
		{34559ACE-A32F-4E72-B21F-A849740FBBA2}.AppStore|Mixed Platforms.ActiveCfg = AppStore|iPhone
		{34559ACE-A32F-4E72-B21F-A849740FBBA2}.AppStore|Mixed Platforms.Build.0 = AppStore|iPhone
		{34559ACE-A32F-4E72-B21F-A849740FBBA2}.AppStore|x86.ActiveCfg = AppStore|iPhone
		{34559ACE-A32F-4E72-B21F-A849740FBBA2}.Debug|Any CPU.ActiveCfg = Debug|iPhone
		{34559ACE-A32F-4E72-B21F-A849740FBBA2}.Debug|ARM.ActiveCfg = Debug|iPhone
		{34559ACE-A32F-4E72-B21F-A849740FBBA2}.Debug|iPhone.ActiveCfg = Debug|iPhone
		{34559ACE-A32F-4E72-B21F-A849740FBBA2}.Debug|iPhone.Build.0 = Debug|iPhone
		{34559ACE-A32F-4E72-B21F-A849740FBBA2}.Debug|iPhone.Deploy.0 = Debug|iPhone
		{34559ACE-A32F-4E72-B21F-A849740FBBA2}.Debug|iPhoneSimulator.ActiveCfg = Debug|iPhoneSimulator
		{34559ACE-A32F-4E72-B21F-A849740FBBA2}.Debug|iPhoneSimulator.Build.0 = Debug|iPhoneSimulator
		{34559ACE-A32F-4E72-B21F-A849740FBBA2}.Debug|iPhoneSimulator.Deploy.0 = Debug|iPhoneSimulator
		{34559ACE-A32F-4E72-B21F-A849740FBBA2}.Debug|Mixed Platforms.ActiveCfg = Debug|iPhone
		{34559ACE-A32F-4E72-B21F-A849740FBBA2}.Debug|x86.ActiveCfg = Debug|iPhone
		{34559ACE-A32F-4E72-B21F-A849740FBBA2}.Release|Any CPU.ActiveCfg = Release|iPhone
		{34559ACE-A32F-4E72-B21F-A849740FBBA2}.Release|ARM.ActiveCfg = Release|iPhone
		{34559ACE-A32F-4E72-B21F-A849740FBBA2}.Release|iPhone.ActiveCfg = Release|iPhone
		{34559ACE-A32F-4E72-B21F-A849740FBBA2}.Release|iPhone.Build.0 = Release|iPhone
		{34559ACE-A32F-4E72-B21F-A849740FBBA2}.Release|iPhoneSimulator.ActiveCfg = Release|iPhoneSimulator
		{34559ACE-A32F-4E72-B21F-A849740FBBA2}.Release|iPhoneSimulator.Build.0 = Release|iPhoneSimulator
		{34559ACE-A32F-4E72-B21F-A849740FBBA2}.Release|Mixed Platforms.ActiveCfg = Release|iPhone
		{34559ACE-A32F-4E72-B21F-A849740FBBA2}.Release|x86.ActiveCfg = Release|iPhone
		{4594C8C6-9A5C-4B7C-98F2-10483F9FB911}.Ad-Hoc|Any CPU.ActiveCfg = Release|Any CPU
		{4594C8C6-9A5C-4B7C-98F2-10483F9FB911}.Ad-Hoc|Any CPU.Build.0 = Release|Any CPU
		{4594C8C6-9A5C-4B7C-98F2-10483F9FB911}.Ad-Hoc|Any CPU.Deploy.0 = Release|Any CPU
		{4594C8C6-9A5C-4B7C-98F2-10483F9FB911}.Ad-Hoc|ARM.ActiveCfg = Release|ARM
		{4594C8C6-9A5C-4B7C-98F2-10483F9FB911}.Ad-Hoc|ARM.Build.0 = Release|ARM
		{4594C8C6-9A5C-4B7C-98F2-10483F9FB911}.Ad-Hoc|ARM.Deploy.0 = Release|ARM
		{4594C8C6-9A5C-4B7C-98F2-10483F9FB911}.Ad-Hoc|iPhone.ActiveCfg = Release|Any CPU
		{4594C8C6-9A5C-4B7C-98F2-10483F9FB911}.Ad-Hoc|iPhoneSimulator.ActiveCfg = Release|Any CPU
		{4594C8C6-9A5C-4B7C-98F2-10483F9FB911}.Ad-Hoc|Mixed Platforms.ActiveCfg = Release|x86
		{4594C8C6-9A5C-4B7C-98F2-10483F9FB911}.Ad-Hoc|Mixed Platforms.Build.0 = Release|x86
		{4594C8C6-9A5C-4B7C-98F2-10483F9FB911}.Ad-Hoc|Mixed Platforms.Deploy.0 = Release|x86
		{4594C8C6-9A5C-4B7C-98F2-10483F9FB911}.Ad-Hoc|x86.ActiveCfg = Release|x86
		{4594C8C6-9A5C-4B7C-98F2-10483F9FB911}.Ad-Hoc|x86.Build.0 = Release|x86
		{4594C8C6-9A5C-4B7C-98F2-10483F9FB911}.Ad-Hoc|x86.Deploy.0 = Release|x86
		{4594C8C6-9A5C-4B7C-98F2-10483F9FB911}.AppStore|Any CPU.ActiveCfg = Release|Any CPU
		{4594C8C6-9A5C-4B7C-98F2-10483F9FB911}.AppStore|Any CPU.Build.0 = Release|Any CPU
		{4594C8C6-9A5C-4B7C-98F2-10483F9FB911}.AppStore|Any CPU.Deploy.0 = Release|Any CPU
		{4594C8C6-9A5C-4B7C-98F2-10483F9FB911}.AppStore|ARM.ActiveCfg = Release|ARM
		{4594C8C6-9A5C-4B7C-98F2-10483F9FB911}.AppStore|ARM.Build.0 = Release|ARM
		{4594C8C6-9A5C-4B7C-98F2-10483F9FB911}.AppStore|ARM.Deploy.0 = Release|ARM
		{4594C8C6-9A5C-4B7C-98F2-10483F9FB911}.AppStore|iPhone.ActiveCfg = Release|Any CPU
		{4594C8C6-9A5C-4B7C-98F2-10483F9FB911}.AppStore|iPhoneSimulator.ActiveCfg = Release|Any CPU
		{4594C8C6-9A5C-4B7C-98F2-10483F9FB911}.AppStore|Mixed Platforms.ActiveCfg = Release|x86
		{4594C8C6-9A5C-4B7C-98F2-10483F9FB911}.AppStore|Mixed Platforms.Build.0 = Release|x86
		{4594C8C6-9A5C-4B7C-98F2-10483F9FB911}.AppStore|Mixed Platforms.Deploy.0 = Release|x86
		{4594C8C6-9A5C-4B7C-98F2-10483F9FB911}.AppStore|x86.ActiveCfg = Release|x86
		{4594C8C6-9A5C-4B7C-98F2-10483F9FB911}.AppStore|x86.Build.0 = Release|x86
		{4594C8C6-9A5C-4B7C-98F2-10483F9FB911}.AppStore|x86.Deploy.0 = Release|x86
		{4594C8C6-9A5C-4B7C-98F2-10483F9FB911}.Debug|Any CPU.ActiveCfg = Debug|Any CPU
		{4594C8C6-9A5C-4B7C-98F2-10483F9FB911}.Debug|ARM.ActiveCfg = Debug|ARM
		{4594C8C6-9A5C-4B7C-98F2-10483F9FB911}.Debug|ARM.Build.0 = Debug|ARM
		{4594C8C6-9A5C-4B7C-98F2-10483F9FB911}.Debug|ARM.Deploy.0 = Debug|ARM
		{4594C8C6-9A5C-4B7C-98F2-10483F9FB911}.Debug|iPhone.ActiveCfg = Debug|Any CPU
		{4594C8C6-9A5C-4B7C-98F2-10483F9FB911}.Debug|iPhoneSimulator.ActiveCfg = Debug|Any CPU
		{4594C8C6-9A5C-4B7C-98F2-10483F9FB911}.Debug|Mixed Platforms.ActiveCfg = Debug|x86
		{4594C8C6-9A5C-4B7C-98F2-10483F9FB911}.Debug|Mixed Platforms.Deploy.0 = Debug|x86
		{4594C8C6-9A5C-4B7C-98F2-10483F9FB911}.Debug|x86.ActiveCfg = Debug|x86
		{4594C8C6-9A5C-4B7C-98F2-10483F9FB911}.Debug|x86.Build.0 = Debug|x86
		{4594C8C6-9A5C-4B7C-98F2-10483F9FB911}.Debug|x86.Deploy.0 = Debug|x86
		{4594C8C6-9A5C-4B7C-98F2-10483F9FB911}.Release|Any CPU.ActiveCfg = Release|Any CPU
		{4594C8C6-9A5C-4B7C-98F2-10483F9FB911}.Release|Any CPU.Build.0 = Release|Any CPU
		{4594C8C6-9A5C-4B7C-98F2-10483F9FB911}.Release|Any CPU.Deploy.0 = Release|Any CPU
		{4594C8C6-9A5C-4B7C-98F2-10483F9FB911}.Release|ARM.ActiveCfg = Release|ARM
		{4594C8C6-9A5C-4B7C-98F2-10483F9FB911}.Release|ARM.Build.0 = Release|ARM
		{4594C8C6-9A5C-4B7C-98F2-10483F9FB911}.Release|ARM.Deploy.0 = Release|ARM
		{4594C8C6-9A5C-4B7C-98F2-10483F9FB911}.Release|iPhone.ActiveCfg = Release|Any CPU
		{4594C8C6-9A5C-4B7C-98F2-10483F9FB911}.Release|iPhoneSimulator.ActiveCfg = Release|Any CPU
		{4594C8C6-9A5C-4B7C-98F2-10483F9FB911}.Release|Mixed Platforms.ActiveCfg = Release|x86
		{4594C8C6-9A5C-4B7C-98F2-10483F9FB911}.Release|Mixed Platforms.Deploy.0 = Release|x86
		{4594C8C6-9A5C-4B7C-98F2-10483F9FB911}.Release|x86.ActiveCfg = Release|x86
		{4594C8C6-9A5C-4B7C-98F2-10483F9FB911}.Release|x86.Build.0 = Release|x86
		{4594C8C6-9A5C-4B7C-98F2-10483F9FB911}.Release|x86.Deploy.0 = Release|x86
		{24152709-66A2-495D-83F9-815C63DFA4E8}.Ad-Hoc|Any CPU.ActiveCfg = Release|Any CPU
		{24152709-66A2-495D-83F9-815C63DFA4E8}.Ad-Hoc|Any CPU.Build.0 = Release|Any CPU
		{24152709-66A2-495D-83F9-815C63DFA4E8}.Ad-Hoc|ARM.ActiveCfg = Release|Any CPU
		{24152709-66A2-495D-83F9-815C63DFA4E8}.Ad-Hoc|iPhone.ActiveCfg = Release|Any CPU
		{24152709-66A2-495D-83F9-815C63DFA4E8}.Ad-Hoc|iPhone.Build.0 = Release|Any CPU
		{24152709-66A2-495D-83F9-815C63DFA4E8}.Ad-Hoc|iPhoneSimulator.ActiveCfg = Release|Any CPU
		{24152709-66A2-495D-83F9-815C63DFA4E8}.Ad-Hoc|iPhoneSimulator.Build.0 = Release|Any CPU
		{24152709-66A2-495D-83F9-815C63DFA4E8}.Ad-Hoc|Mixed Platforms.ActiveCfg = Release|Any CPU
		{24152709-66A2-495D-83F9-815C63DFA4E8}.Ad-Hoc|Mixed Platforms.Build.0 = Release|Any CPU
		{24152709-66A2-495D-83F9-815C63DFA4E8}.Ad-Hoc|x86.ActiveCfg = Release|Any CPU
		{24152709-66A2-495D-83F9-815C63DFA4E8}.AppStore|Any CPU.ActiveCfg = Release|Any CPU
		{24152709-66A2-495D-83F9-815C63DFA4E8}.AppStore|Any CPU.Build.0 = Release|Any CPU
		{24152709-66A2-495D-83F9-815C63DFA4E8}.AppStore|ARM.ActiveCfg = Release|Any CPU
		{24152709-66A2-495D-83F9-815C63DFA4E8}.AppStore|iPhone.ActiveCfg = Release|Any CPU
		{24152709-66A2-495D-83F9-815C63DFA4E8}.AppStore|iPhone.Build.0 = Release|Any CPU
		{24152709-66A2-495D-83F9-815C63DFA4E8}.AppStore|iPhoneSimulator.ActiveCfg = Release|Any CPU
		{24152709-66A2-495D-83F9-815C63DFA4E8}.AppStore|iPhoneSimulator.Build.0 = Release|Any CPU
		{24152709-66A2-495D-83F9-815C63DFA4E8}.AppStore|Mixed Platforms.ActiveCfg = Release|Any CPU
		{24152709-66A2-495D-83F9-815C63DFA4E8}.AppStore|Mixed Platforms.Build.0 = Release|Any CPU
		{24152709-66A2-495D-83F9-815C63DFA4E8}.AppStore|x86.ActiveCfg = Release|Any CPU
		{24152709-66A2-495D-83F9-815C63DFA4E8}.Debug|Any CPU.ActiveCfg = Debug|Any CPU
		{24152709-66A2-495D-83F9-815C63DFA4E8}.Debug|Any CPU.Build.0 = Debug|Any CPU
		{24152709-66A2-495D-83F9-815C63DFA4E8}.Debug|ARM.ActiveCfg = Debug|Any CPU
		{24152709-66A2-495D-83F9-815C63DFA4E8}.Debug|iPhone.ActiveCfg = Debug|Any CPU
		{24152709-66A2-495D-83F9-815C63DFA4E8}.Debug|iPhone.Build.0 = Debug|Any CPU
		{24152709-66A2-495D-83F9-815C63DFA4E8}.Debug|iPhoneSimulator.ActiveCfg = Debug|Any CPU
		{24152709-66A2-495D-83F9-815C63DFA4E8}.Debug|iPhoneSimulator.Build.0 = Debug|Any CPU
		{24152709-66A2-495D-83F9-815C63DFA4E8}.Debug|Mixed Platforms.ActiveCfg = Debug|Any CPU
		{24152709-66A2-495D-83F9-815C63DFA4E8}.Debug|Mixed Platforms.Build.0 = Debug|Any CPU
		{24152709-66A2-495D-83F9-815C63DFA4E8}.Debug|x86.ActiveCfg = Debug|Any CPU
		{24152709-66A2-495D-83F9-815C63DFA4E8}.Release|Any CPU.ActiveCfg = Release|Any CPU
		{24152709-66A2-495D-83F9-815C63DFA4E8}.Release|Any CPU.Build.0 = Release|Any CPU
		{24152709-66A2-495D-83F9-815C63DFA4E8}.Release|ARM.ActiveCfg = Release|Any CPU
		{24152709-66A2-495D-83F9-815C63DFA4E8}.Release|iPhone.ActiveCfg = Release|Any CPU
		{24152709-66A2-495D-83F9-815C63DFA4E8}.Release|iPhone.Build.0 = Release|Any CPU
		{24152709-66A2-495D-83F9-815C63DFA4E8}.Release|iPhoneSimulator.ActiveCfg = Release|Any CPU
		{24152709-66A2-495D-83F9-815C63DFA4E8}.Release|iPhoneSimulator.Build.0 = Release|Any CPU
		{24152709-66A2-495D-83F9-815C63DFA4E8}.Release|Mixed Platforms.ActiveCfg = Release|Any CPU
		{24152709-66A2-495D-83F9-815C63DFA4E8}.Release|Mixed Platforms.Build.0 = Release|Any CPU
		{24152709-66A2-495D-83F9-815C63DFA4E8}.Release|x86.ActiveCfg = Release|Any CPU
		{3D5C3466-F7B8-44AB-9231-C82E33A23C1C}.Ad-Hoc|Any CPU.ActiveCfg = Release|Any CPU
		{3D5C3466-F7B8-44AB-9231-C82E33A23C1C}.Ad-Hoc|Any CPU.Build.0 = Release|Any CPU
		{3D5C3466-F7B8-44AB-9231-C82E33A23C1C}.Ad-Hoc|ARM.ActiveCfg = Release|Any CPU
		{3D5C3466-F7B8-44AB-9231-C82E33A23C1C}.Ad-Hoc|iPhone.ActiveCfg = Release|Any CPU
		{3D5C3466-F7B8-44AB-9231-C82E33A23C1C}.Ad-Hoc|iPhone.Build.0 = Release|Any CPU
		{3D5C3466-F7B8-44AB-9231-C82E33A23C1C}.Ad-Hoc|iPhoneSimulator.ActiveCfg = Release|Any CPU
		{3D5C3466-F7B8-44AB-9231-C82E33A23C1C}.Ad-Hoc|iPhoneSimulator.Build.0 = Release|Any CPU
		{3D5C3466-F7B8-44AB-9231-C82E33A23C1C}.Ad-Hoc|Mixed Platforms.ActiveCfg = Release|Any CPU
		{3D5C3466-F7B8-44AB-9231-C82E33A23C1C}.Ad-Hoc|Mixed Platforms.Build.0 = Release|Any CPU
		{3D5C3466-F7B8-44AB-9231-C82E33A23C1C}.Ad-Hoc|x86.ActiveCfg = Release|Any CPU
		{3D5C3466-F7B8-44AB-9231-C82E33A23C1C}.AppStore|Any CPU.ActiveCfg = Release|Any CPU
		{3D5C3466-F7B8-44AB-9231-C82E33A23C1C}.AppStore|Any CPU.Build.0 = Release|Any CPU
		{3D5C3466-F7B8-44AB-9231-C82E33A23C1C}.AppStore|ARM.ActiveCfg = Release|Any CPU
		{3D5C3466-F7B8-44AB-9231-C82E33A23C1C}.AppStore|iPhone.ActiveCfg = Release|Any CPU
		{3D5C3466-F7B8-44AB-9231-C82E33A23C1C}.AppStore|iPhoneSimulator.ActiveCfg = Release|Any CPU
		{3D5C3466-F7B8-44AB-9231-C82E33A23C1C}.AppStore|Mixed Platforms.ActiveCfg = Release|Any CPU
		{3D5C3466-F7B8-44AB-9231-C82E33A23C1C}.AppStore|Mixed Platforms.Build.0 = Release|Any CPU
		{3D5C3466-F7B8-44AB-9231-C82E33A23C1C}.AppStore|x86.ActiveCfg = Release|Any CPU
		{3D5C3466-F7B8-44AB-9231-C82E33A23C1C}.Debug|Any CPU.ActiveCfg = Debug|Any CPU
		{3D5C3466-F7B8-44AB-9231-C82E33A23C1C}.Debug|Any CPU.Build.0 = Debug|Any CPU
		{3D5C3466-F7B8-44AB-9231-C82E33A23C1C}.Debug|ARM.ActiveCfg = Debug|Any CPU
		{3D5C3466-F7B8-44AB-9231-C82E33A23C1C}.Debug|iPhone.ActiveCfg = Debug|Any CPU
		{3D5C3466-F7B8-44AB-9231-C82E33A23C1C}.Debug|iPhone.Build.0 = Debug|Any CPU
		{3D5C3466-F7B8-44AB-9231-C82E33A23C1C}.Debug|iPhoneSimulator.ActiveCfg = Debug|Any CPU
		{3D5C3466-F7B8-44AB-9231-C82E33A23C1C}.Debug|iPhoneSimulator.Build.0 = Debug|Any CPU
		{3D5C3466-F7B8-44AB-9231-C82E33A23C1C}.Debug|Mixed Platforms.ActiveCfg = Debug|Any CPU
		{3D5C3466-F7B8-44AB-9231-C82E33A23C1C}.Debug|Mixed Platforms.Build.0 = Debug|Any CPU
		{3D5C3466-F7B8-44AB-9231-C82E33A23C1C}.Debug|x86.ActiveCfg = Debug|Any CPU
		{3D5C3466-F7B8-44AB-9231-C82E33A23C1C}.Release|Any CPU.ActiveCfg = Release|Any CPU
		{3D5C3466-F7B8-44AB-9231-C82E33A23C1C}.Release|Any CPU.Build.0 = Release|Any CPU
		{3D5C3466-F7B8-44AB-9231-C82E33A23C1C}.Release|ARM.ActiveCfg = Release|Any CPU
		{3D5C3466-F7B8-44AB-9231-C82E33A23C1C}.Release|iPhone.ActiveCfg = Release|Any CPU
		{3D5C3466-F7B8-44AB-9231-C82E33A23C1C}.Release|iPhone.Build.0 = Release|Any CPU
		{3D5C3466-F7B8-44AB-9231-C82E33A23C1C}.Release|iPhoneSimulator.ActiveCfg = Release|Any CPU
		{3D5C3466-F7B8-44AB-9231-C82E33A23C1C}.Release|Mixed Platforms.ActiveCfg = Release|Any CPU
		{3D5C3466-F7B8-44AB-9231-C82E33A23C1C}.Release|Mixed Platforms.Build.0 = Release|Any CPU
		{3D5C3466-F7B8-44AB-9231-C82E33A23C1C}.Release|x86.ActiveCfg = Release|Any CPU
		{B707E1F8-AD14-4C29-9A73-FA5CF560BD38}.Ad-Hoc|Any CPU.ActiveCfg = Release|Any CPU
		{B707E1F8-AD14-4C29-9A73-FA5CF560BD38}.Ad-Hoc|Any CPU.Build.0 = Release|Any CPU
		{B707E1F8-AD14-4C29-9A73-FA5CF560BD38}.Ad-Hoc|ARM.ActiveCfg = Release|Any CPU
		{B707E1F8-AD14-4C29-9A73-FA5CF560BD38}.Ad-Hoc|iPhone.ActiveCfg = Release|Any CPU
		{B707E1F8-AD14-4C29-9A73-FA5CF560BD38}.Ad-Hoc|iPhone.Build.0 = Release|Any CPU
		{B707E1F8-AD14-4C29-9A73-FA5CF560BD38}.Ad-Hoc|iPhoneSimulator.ActiveCfg = Release|Any CPU
		{B707E1F8-AD14-4C29-9A73-FA5CF560BD38}.Ad-Hoc|iPhoneSimulator.Build.0 = Release|Any CPU
		{B707E1F8-AD14-4C29-9A73-FA5CF560BD38}.Ad-Hoc|Mixed Platforms.ActiveCfg = Release|Any CPU
		{B707E1F8-AD14-4C29-9A73-FA5CF560BD38}.Ad-Hoc|Mixed Platforms.Build.0 = Release|Any CPU
		{B707E1F8-AD14-4C29-9A73-FA5CF560BD38}.Ad-Hoc|x86.ActiveCfg = Release|Any CPU
		{B707E1F8-AD14-4C29-9A73-FA5CF560BD38}.AppStore|Any CPU.ActiveCfg = Release|Any CPU
		{B707E1F8-AD14-4C29-9A73-FA5CF560BD38}.AppStore|Any CPU.Build.0 = Release|Any CPU
		{B707E1F8-AD14-4C29-9A73-FA5CF560BD38}.AppStore|ARM.ActiveCfg = Release|Any CPU
		{B707E1F8-AD14-4C29-9A73-FA5CF560BD38}.AppStore|iPhone.ActiveCfg = Release|Any CPU
		{B707E1F8-AD14-4C29-9A73-FA5CF560BD38}.AppStore|iPhoneSimulator.ActiveCfg = Release|Any CPU
		{B707E1F8-AD14-4C29-9A73-FA5CF560BD38}.AppStore|Mixed Platforms.ActiveCfg = Release|Any CPU
		{B707E1F8-AD14-4C29-9A73-FA5CF560BD38}.AppStore|Mixed Platforms.Build.0 = Release|Any CPU
		{B707E1F8-AD14-4C29-9A73-FA5CF560BD38}.AppStore|x86.ActiveCfg = Release|Any CPU
		{B707E1F8-AD14-4C29-9A73-FA5CF560BD38}.Debug|Any CPU.ActiveCfg = Debug|Any CPU
		{B707E1F8-AD14-4C29-9A73-FA5CF560BD38}.Debug|Any CPU.Build.0 = Debug|Any CPU
		{B707E1F8-AD14-4C29-9A73-FA5CF560BD38}.Debug|ARM.ActiveCfg = Debug|Any CPU
		{B707E1F8-AD14-4C29-9A73-FA5CF560BD38}.Debug|iPhone.ActiveCfg = Debug|Any CPU
		{B707E1F8-AD14-4C29-9A73-FA5CF560BD38}.Debug|iPhone.Build.0 = Debug|Any CPU
		{B707E1F8-AD14-4C29-9A73-FA5CF560BD38}.Debug|iPhoneSimulator.ActiveCfg = Debug|Any CPU
		{B707E1F8-AD14-4C29-9A73-FA5CF560BD38}.Debug|iPhoneSimulator.Build.0 = Debug|Any CPU
		{B707E1F8-AD14-4C29-9A73-FA5CF560BD38}.Debug|Mixed Platforms.ActiveCfg = Debug|Any CPU
		{B707E1F8-AD14-4C29-9A73-FA5CF560BD38}.Debug|Mixed Platforms.Build.0 = Debug|Any CPU
		{B707E1F8-AD14-4C29-9A73-FA5CF560BD38}.Debug|x86.ActiveCfg = Debug|Any CPU
		{B707E1F8-AD14-4C29-9A73-FA5CF560BD38}.Release|Any CPU.ActiveCfg = Release|Any CPU
		{B707E1F8-AD14-4C29-9A73-FA5CF560BD38}.Release|Any CPU.Build.0 = Release|Any CPU
		{B707E1F8-AD14-4C29-9A73-FA5CF560BD38}.Release|ARM.ActiveCfg = Release|Any CPU
		{B707E1F8-AD14-4C29-9A73-FA5CF560BD38}.Release|iPhone.ActiveCfg = Release|Any CPU
		{B707E1F8-AD14-4C29-9A73-FA5CF560BD38}.Release|iPhoneSimulator.ActiveCfg = Release|Any CPU
		{B707E1F8-AD14-4C29-9A73-FA5CF560BD38}.Release|Mixed Platforms.ActiveCfg = Release|Any CPU
		{B707E1F8-AD14-4C29-9A73-FA5CF560BD38}.Release|Mixed Platforms.Build.0 = Release|Any CPU
		{B707E1F8-AD14-4C29-9A73-FA5CF560BD38}.Release|x86.ActiveCfg = Release|Any CPU
		{1AE6985C-213A-4734-9C1F-D5409C0CC020}.Ad-Hoc|Any CPU.ActiveCfg = Release|Any CPU
		{1AE6985C-213A-4734-9C1F-D5409C0CC020}.Ad-Hoc|Any CPU.Build.0 = Release|Any CPU
		{1AE6985C-213A-4734-9C1F-D5409C0CC020}.Ad-Hoc|ARM.ActiveCfg = Release|Any CPU
		{1AE6985C-213A-4734-9C1F-D5409C0CC020}.Ad-Hoc|ARM.Build.0 = Release|Any CPU
		{1AE6985C-213A-4734-9C1F-D5409C0CC020}.Ad-Hoc|iPhone.ActiveCfg = Release|Any CPU
		{1AE6985C-213A-4734-9C1F-D5409C0CC020}.Ad-Hoc|iPhoneSimulator.ActiveCfg = Release|Any CPU
		{1AE6985C-213A-4734-9C1F-D5409C0CC020}.Ad-Hoc|Mixed Platforms.ActiveCfg = Release|Any CPU
		{1AE6985C-213A-4734-9C1F-D5409C0CC020}.Ad-Hoc|Mixed Platforms.Build.0 = Release|Any CPU
		{1AE6985C-213A-4734-9C1F-D5409C0CC020}.Ad-Hoc|x86.ActiveCfg = Release|Any CPU
		{1AE6985C-213A-4734-9C1F-D5409C0CC020}.Ad-Hoc|x86.Build.0 = Release|Any CPU
		{1AE6985C-213A-4734-9C1F-D5409C0CC020}.AppStore|Any CPU.ActiveCfg = Release|Any CPU
		{1AE6985C-213A-4734-9C1F-D5409C0CC020}.AppStore|Any CPU.Build.0 = Release|Any CPU
		{1AE6985C-213A-4734-9C1F-D5409C0CC020}.AppStore|ARM.ActiveCfg = Release|Any CPU
		{1AE6985C-213A-4734-9C1F-D5409C0CC020}.AppStore|ARM.Build.0 = Release|Any CPU
		{1AE6985C-213A-4734-9C1F-D5409C0CC020}.AppStore|iPhone.ActiveCfg = Release|Any CPU
		{1AE6985C-213A-4734-9C1F-D5409C0CC020}.AppStore|iPhone.Build.0 = Release|Any CPU
		{1AE6985C-213A-4734-9C1F-D5409C0CC020}.AppStore|iPhoneSimulator.ActiveCfg = Release|Any CPU
		{1AE6985C-213A-4734-9C1F-D5409C0CC020}.AppStore|iPhoneSimulator.Build.0 = Release|Any CPU
		{1AE6985C-213A-4734-9C1F-D5409C0CC020}.AppStore|Mixed Platforms.ActiveCfg = Release|Any CPU
		{1AE6985C-213A-4734-9C1F-D5409C0CC020}.AppStore|Mixed Platforms.Build.0 = Release|Any CPU
		{1AE6985C-213A-4734-9C1F-D5409C0CC020}.AppStore|x86.ActiveCfg = Release|Any CPU
		{1AE6985C-213A-4734-9C1F-D5409C0CC020}.AppStore|x86.Build.0 = Release|Any CPU
		{1AE6985C-213A-4734-9C1F-D5409C0CC020}.Debug|Any CPU.ActiveCfg = Debug|Any CPU
		{1AE6985C-213A-4734-9C1F-D5409C0CC020}.Debug|ARM.ActiveCfg = Debug|Any CPU
		{1AE6985C-213A-4734-9C1F-D5409C0CC020}.Debug|ARM.Build.0 = Debug|Any CPU
		{1AE6985C-213A-4734-9C1F-D5409C0CC020}.Debug|iPhone.ActiveCfg = Debug|Any CPU
		{1AE6985C-213A-4734-9C1F-D5409C0CC020}.Debug|iPhoneSimulator.ActiveCfg = Debug|Any CPU
		{1AE6985C-213A-4734-9C1F-D5409C0CC020}.Debug|Mixed Platforms.ActiveCfg = Debug|Any CPU
		{1AE6985C-213A-4734-9C1F-D5409C0CC020}.Debug|x86.ActiveCfg = Debug|Any CPU
		{1AE6985C-213A-4734-9C1F-D5409C0CC020}.Debug|x86.Build.0 = Debug|Any CPU
		{1AE6985C-213A-4734-9C1F-D5409C0CC020}.Release|Any CPU.ActiveCfg = Release|Any CPU
		{1AE6985C-213A-4734-9C1F-D5409C0CC020}.Release|Any CPU.Build.0 = Release|Any CPU
		{1AE6985C-213A-4734-9C1F-D5409C0CC020}.Release|ARM.ActiveCfg = Release|Any CPU
		{1AE6985C-213A-4734-9C1F-D5409C0CC020}.Release|ARM.Build.0 = Release|Any CPU
		{1AE6985C-213A-4734-9C1F-D5409C0CC020}.Release|iPhone.ActiveCfg = Release|Any CPU
		{1AE6985C-213A-4734-9C1F-D5409C0CC020}.Release|iPhone.Build.0 = Release|Any CPU
		{1AE6985C-213A-4734-9C1F-D5409C0CC020}.Release|iPhoneSimulator.ActiveCfg = Release|Any CPU
		{1AE6985C-213A-4734-9C1F-D5409C0CC020}.Release|iPhoneSimulator.Build.0 = Release|Any CPU
		{1AE6985C-213A-4734-9C1F-D5409C0CC020}.Release|Mixed Platforms.ActiveCfg = Release|Any CPU
		{1AE6985C-213A-4734-9C1F-D5409C0CC020}.Release|Mixed Platforms.Build.0 = Release|Any CPU
		{1AE6985C-213A-4734-9C1F-D5409C0CC020}.Release|x86.ActiveCfg = Release|Any CPU
		{1AE6985C-213A-4734-9C1F-D5409C0CC020}.Release|x86.Build.0 = Release|Any CPU
		{14C534B6-1984-41A9-A384-D3A5508588E3}.Ad-Hoc|Any CPU.ActiveCfg = Release|Any CPU
		{14C534B6-1984-41A9-A384-D3A5508588E3}.Ad-Hoc|Any CPU.Build.0 = Release|Any CPU
		{14C534B6-1984-41A9-A384-D3A5508588E3}.Ad-Hoc|ARM.ActiveCfg = Release|Any CPU
		{14C534B6-1984-41A9-A384-D3A5508588E3}.Ad-Hoc|ARM.Build.0 = Release|Any CPU
		{14C534B6-1984-41A9-A384-D3A5508588E3}.Ad-Hoc|iPhone.ActiveCfg = Release|Any CPU
		{14C534B6-1984-41A9-A384-D3A5508588E3}.Ad-Hoc|iPhone.Build.0 = Release|Any CPU
		{14C534B6-1984-41A9-A384-D3A5508588E3}.Ad-Hoc|iPhoneSimulator.ActiveCfg = Release|Any CPU
		{14C534B6-1984-41A9-A384-D3A5508588E3}.Ad-Hoc|iPhoneSimulator.Build.0 = Release|Any CPU
		{14C534B6-1984-41A9-A384-D3A5508588E3}.Ad-Hoc|Mixed Platforms.ActiveCfg = Release|Any CPU
		{14C534B6-1984-41A9-A384-D3A5508588E3}.Ad-Hoc|Mixed Platforms.Build.0 = Release|Any CPU
		{14C534B6-1984-41A9-A384-D3A5508588E3}.Ad-Hoc|x86.ActiveCfg = Release|Any CPU
		{14C534B6-1984-41A9-A384-D3A5508588E3}.Ad-Hoc|x86.Build.0 = Release|Any CPU
		{14C534B6-1984-41A9-A384-D3A5508588E3}.AppStore|Any CPU.ActiveCfg = Release|Any CPU
		{14C534B6-1984-41A9-A384-D3A5508588E3}.AppStore|Any CPU.Build.0 = Release|Any CPU
		{14C534B6-1984-41A9-A384-D3A5508588E3}.AppStore|ARM.ActiveCfg = Release|Any CPU
		{14C534B6-1984-41A9-A384-D3A5508588E3}.AppStore|ARM.Build.0 = Release|Any CPU
		{14C534B6-1984-41A9-A384-D3A5508588E3}.AppStore|iPhone.ActiveCfg = Release|Any CPU
		{14C534B6-1984-41A9-A384-D3A5508588E3}.AppStore|iPhone.Build.0 = Release|Any CPU
		{14C534B6-1984-41A9-A384-D3A5508588E3}.AppStore|iPhoneSimulator.ActiveCfg = Release|Any CPU
		{14C534B6-1984-41A9-A384-D3A5508588E3}.AppStore|iPhoneSimulator.Build.0 = Release|Any CPU
		{14C534B6-1984-41A9-A384-D3A5508588E3}.AppStore|Mixed Platforms.ActiveCfg = Release|Any CPU
		{14C534B6-1984-41A9-A384-D3A5508588E3}.AppStore|Mixed Platforms.Build.0 = Release|Any CPU
		{14C534B6-1984-41A9-A384-D3A5508588E3}.AppStore|x86.ActiveCfg = Release|Any CPU
		{14C534B6-1984-41A9-A384-D3A5508588E3}.AppStore|x86.Build.0 = Release|Any CPU
		{14C534B6-1984-41A9-A384-D3A5508588E3}.Debug|Any CPU.ActiveCfg = Debug|Any CPU
		{14C534B6-1984-41A9-A384-D3A5508588E3}.Debug|Any CPU.Build.0 = Debug|Any CPU
		{14C534B6-1984-41A9-A384-D3A5508588E3}.Debug|ARM.ActiveCfg = Debug|Any CPU
		{14C534B6-1984-41A9-A384-D3A5508588E3}.Debug|ARM.Build.0 = Debug|Any CPU
		{14C534B6-1984-41A9-A384-D3A5508588E3}.Debug|iPhone.ActiveCfg = Debug|Any CPU
		{14C534B6-1984-41A9-A384-D3A5508588E3}.Debug|iPhone.Build.0 = Debug|Any CPU
		{14C534B6-1984-41A9-A384-D3A5508588E3}.Debug|iPhoneSimulator.ActiveCfg = Debug|Any CPU
		{14C534B6-1984-41A9-A384-D3A5508588E3}.Debug|iPhoneSimulator.Build.0 = Debug|Any CPU
		{14C534B6-1984-41A9-A384-D3A5508588E3}.Debug|Mixed Platforms.ActiveCfg = Debug|Any CPU
		{14C534B6-1984-41A9-A384-D3A5508588E3}.Debug|Mixed Platforms.Build.0 = Debug|Any CPU
		{14C534B6-1984-41A9-A384-D3A5508588E3}.Debug|x86.ActiveCfg = Debug|Any CPU
		{14C534B6-1984-41A9-A384-D3A5508588E3}.Debug|x86.Build.0 = Debug|Any CPU
		{14C534B6-1984-41A9-A384-D3A5508588E3}.Release|Any CPU.ActiveCfg = Release|Any CPU
		{14C534B6-1984-41A9-A384-D3A5508588E3}.Release|Any CPU.Build.0 = Release|Any CPU
		{14C534B6-1984-41A9-A384-D3A5508588E3}.Release|ARM.ActiveCfg = Release|Any CPU
		{14C534B6-1984-41A9-A384-D3A5508588E3}.Release|ARM.Build.0 = Release|Any CPU
		{14C534B6-1984-41A9-A384-D3A5508588E3}.Release|iPhone.ActiveCfg = Release|Any CPU
		{14C534B6-1984-41A9-A384-D3A5508588E3}.Release|iPhone.Build.0 = Release|Any CPU
		{14C534B6-1984-41A9-A384-D3A5508588E3}.Release|iPhoneSimulator.ActiveCfg = Release|Any CPU
		{14C534B6-1984-41A9-A384-D3A5508588E3}.Release|iPhoneSimulator.Build.0 = Release|Any CPU
		{14C534B6-1984-41A9-A384-D3A5508588E3}.Release|Mixed Platforms.ActiveCfg = Release|Any CPU
		{14C534B6-1984-41A9-A384-D3A5508588E3}.Release|Mixed Platforms.Build.0 = Release|Any CPU
		{14C534B6-1984-41A9-A384-D3A5508588E3}.Release|x86.ActiveCfg = Release|Any CPU
		{14C534B6-1984-41A9-A384-D3A5508588E3}.Release|x86.Build.0 = Release|Any CPU
		{AD2D2DB4-E781-4CF1-9B62-3AAD264F196D}.Ad-Hoc|Any CPU.ActiveCfg = Release|Any CPU
		{AD2D2DB4-E781-4CF1-9B62-3AAD264F196D}.Ad-Hoc|Any CPU.Build.0 = Release|Any CPU
		{AD2D2DB4-E781-4CF1-9B62-3AAD264F196D}.Ad-Hoc|ARM.ActiveCfg = Release|Any CPU
		{AD2D2DB4-E781-4CF1-9B62-3AAD264F196D}.Ad-Hoc|ARM.Build.0 = Release|Any CPU
		{AD2D2DB4-E781-4CF1-9B62-3AAD264F196D}.Ad-Hoc|iPhone.ActiveCfg = Release|Any CPU
		{AD2D2DB4-E781-4CF1-9B62-3AAD264F196D}.Ad-Hoc|iPhoneSimulator.ActiveCfg = Release|Any CPU
		{AD2D2DB4-E781-4CF1-9B62-3AAD264F196D}.Ad-Hoc|iPhoneSimulator.Build.0 = Release|Any CPU
		{AD2D2DB4-E781-4CF1-9B62-3AAD264F196D}.Ad-Hoc|Mixed Platforms.ActiveCfg = Release|Any CPU
		{AD2D2DB4-E781-4CF1-9B62-3AAD264F196D}.Ad-Hoc|Mixed Platforms.Build.0 = Release|Any CPU
		{AD2D2DB4-E781-4CF1-9B62-3AAD264F196D}.Ad-Hoc|x86.ActiveCfg = Release|Any CPU
		{AD2D2DB4-E781-4CF1-9B62-3AAD264F196D}.Ad-Hoc|x86.Build.0 = Release|Any CPU
		{AD2D2DB4-E781-4CF1-9B62-3AAD264F196D}.AppStore|Any CPU.ActiveCfg = Release|Any CPU
		{AD2D2DB4-E781-4CF1-9B62-3AAD264F196D}.AppStore|Any CPU.Build.0 = Release|Any CPU
		{AD2D2DB4-E781-4CF1-9B62-3AAD264F196D}.AppStore|ARM.ActiveCfg = Release|Any CPU
		{AD2D2DB4-E781-4CF1-9B62-3AAD264F196D}.AppStore|ARM.Build.0 = Release|Any CPU
		{AD2D2DB4-E781-4CF1-9B62-3AAD264F196D}.AppStore|iPhone.ActiveCfg = Release|Any CPU
		{AD2D2DB4-E781-4CF1-9B62-3AAD264F196D}.AppStore|iPhone.Build.0 = Release|Any CPU
		{AD2D2DB4-E781-4CF1-9B62-3AAD264F196D}.AppStore|iPhoneSimulator.ActiveCfg = Release|Any CPU
		{AD2D2DB4-E781-4CF1-9B62-3AAD264F196D}.AppStore|iPhoneSimulator.Build.0 = Release|Any CPU
		{AD2D2DB4-E781-4CF1-9B62-3AAD264F196D}.AppStore|Mixed Platforms.ActiveCfg = Release|Any CPU
		{AD2D2DB4-E781-4CF1-9B62-3AAD264F196D}.AppStore|Mixed Platforms.Build.0 = Release|Any CPU
		{AD2D2DB4-E781-4CF1-9B62-3AAD264F196D}.AppStore|x86.ActiveCfg = Release|Any CPU
		{AD2D2DB4-E781-4CF1-9B62-3AAD264F196D}.AppStore|x86.Build.0 = Release|Any CPU
		{AD2D2DB4-E781-4CF1-9B62-3AAD264F196D}.Debug|Any CPU.ActiveCfg = Debug|Any CPU
		{AD2D2DB4-E781-4CF1-9B62-3AAD264F196D}.Debug|Any CPU.Build.0 = Debug|Any CPU
		{AD2D2DB4-E781-4CF1-9B62-3AAD264F196D}.Debug|ARM.ActiveCfg = Debug|Any CPU
		{AD2D2DB4-E781-4CF1-9B62-3AAD264F196D}.Debug|ARM.Build.0 = Debug|Any CPU
		{AD2D2DB4-E781-4CF1-9B62-3AAD264F196D}.Debug|iPhone.ActiveCfg = Debug|Any CPU
		{AD2D2DB4-E781-4CF1-9B62-3AAD264F196D}.Debug|iPhoneSimulator.ActiveCfg = Debug|Any CPU
		{AD2D2DB4-E781-4CF1-9B62-3AAD264F196D}.Debug|Mixed Platforms.ActiveCfg = Debug|Any CPU
		{AD2D2DB4-E781-4CF1-9B62-3AAD264F196D}.Debug|Mixed Platforms.Build.0 = Debug|Any CPU
		{AD2D2DB4-E781-4CF1-9B62-3AAD264F196D}.Debug|x86.ActiveCfg = Debug|Any CPU
		{AD2D2DB4-E781-4CF1-9B62-3AAD264F196D}.Debug|x86.Build.0 = Debug|Any CPU
		{AD2D2DB4-E781-4CF1-9B62-3AAD264F196D}.Release|Any CPU.ActiveCfg = Release|Any CPU
		{AD2D2DB4-E781-4CF1-9B62-3AAD264F196D}.Release|Any CPU.Build.0 = Release|Any CPU
		{AD2D2DB4-E781-4CF1-9B62-3AAD264F196D}.Release|ARM.ActiveCfg = Release|Any CPU
		{AD2D2DB4-E781-4CF1-9B62-3AAD264F196D}.Release|ARM.Build.0 = Release|Any CPU
		{AD2D2DB4-E781-4CF1-9B62-3AAD264F196D}.Release|iPhone.ActiveCfg = Release|Any CPU
		{AD2D2DB4-E781-4CF1-9B62-3AAD264F196D}.Release|iPhone.Build.0 = Release|Any CPU
		{AD2D2DB4-E781-4CF1-9B62-3AAD264F196D}.Release|iPhoneSimulator.ActiveCfg = Release|Any CPU
		{AD2D2DB4-E781-4CF1-9B62-3AAD264F196D}.Release|iPhoneSimulator.Build.0 = Release|Any CPU
		{AD2D2DB4-E781-4CF1-9B62-3AAD264F196D}.Release|Mixed Platforms.ActiveCfg = Release|Any CPU
		{AD2D2DB4-E781-4CF1-9B62-3AAD264F196D}.Release|Mixed Platforms.Build.0 = Release|Any CPU
		{AD2D2DB4-E781-4CF1-9B62-3AAD264F196D}.Release|x86.ActiveCfg = Release|Any CPU
		{AD2D2DB4-E781-4CF1-9B62-3AAD264F196D}.Release|x86.Build.0 = Release|Any CPU
		{D525F236-6A2D-4010-B1CC-4A4B8581C90B}.Ad-Hoc|Any CPU.ActiveCfg = Debug|Any CPU
		{D525F236-6A2D-4010-B1CC-4A4B8581C90B}.Ad-Hoc|Any CPU.Build.0 = Debug|Any CPU
		{D525F236-6A2D-4010-B1CC-4A4B8581C90B}.Ad-Hoc|ARM.ActiveCfg = Debug|Any CPU
		{D525F236-6A2D-4010-B1CC-4A4B8581C90B}.Ad-Hoc|ARM.Build.0 = Debug|Any CPU
		{D525F236-6A2D-4010-B1CC-4A4B8581C90B}.Ad-Hoc|iPhone.ActiveCfg = Release|Any CPU
		{D525F236-6A2D-4010-B1CC-4A4B8581C90B}.Ad-Hoc|iPhone.Build.0 = Release|Any CPU
		{D525F236-6A2D-4010-B1CC-4A4B8581C90B}.Ad-Hoc|iPhoneSimulator.ActiveCfg = Debug|Any CPU
		{D525F236-6A2D-4010-B1CC-4A4B8581C90B}.Ad-Hoc|iPhoneSimulator.Build.0 = Debug|Any CPU
		{D525F236-6A2D-4010-B1CC-4A4B8581C90B}.Ad-Hoc|Mixed Platforms.ActiveCfg = Debug|Any CPU
		{D525F236-6A2D-4010-B1CC-4A4B8581C90B}.Ad-Hoc|Mixed Platforms.Build.0 = Debug|Any CPU
		{D525F236-6A2D-4010-B1CC-4A4B8581C90B}.Ad-Hoc|x86.ActiveCfg = Debug|Any CPU
		{D525F236-6A2D-4010-B1CC-4A4B8581C90B}.Ad-Hoc|x86.Build.0 = Debug|Any CPU
		{D525F236-6A2D-4010-B1CC-4A4B8581C90B}.AppStore|Any CPU.ActiveCfg = Debug|Any CPU
		{D525F236-6A2D-4010-B1CC-4A4B8581C90B}.AppStore|Any CPU.Build.0 = Debug|Any CPU
		{D525F236-6A2D-4010-B1CC-4A4B8581C90B}.AppStore|ARM.ActiveCfg = Debug|Any CPU
		{D525F236-6A2D-4010-B1CC-4A4B8581C90B}.AppStore|ARM.Build.0 = Debug|Any CPU
		{D525F236-6A2D-4010-B1CC-4A4B8581C90B}.AppStore|iPhone.ActiveCfg = Debug|Any CPU
		{D525F236-6A2D-4010-B1CC-4A4B8581C90B}.AppStore|iPhone.Build.0 = Debug|Any CPU
		{D525F236-6A2D-4010-B1CC-4A4B8581C90B}.AppStore|iPhoneSimulator.ActiveCfg = Debug|Any CPU
		{D525F236-6A2D-4010-B1CC-4A4B8581C90B}.AppStore|iPhoneSimulator.Build.0 = Debug|Any CPU
		{D525F236-6A2D-4010-B1CC-4A4B8581C90B}.AppStore|Mixed Platforms.ActiveCfg = Debug|Any CPU
		{D525F236-6A2D-4010-B1CC-4A4B8581C90B}.AppStore|Mixed Platforms.Build.0 = Debug|Any CPU
		{D525F236-6A2D-4010-B1CC-4A4B8581C90B}.AppStore|x86.ActiveCfg = Debug|Any CPU
		{D525F236-6A2D-4010-B1CC-4A4B8581C90B}.AppStore|x86.Build.0 = Debug|Any CPU
		{D525F236-6A2D-4010-B1CC-4A4B8581C90B}.Debug|Any CPU.ActiveCfg = Debug|Any CPU
		{D525F236-6A2D-4010-B1CC-4A4B8581C90B}.Debug|ARM.ActiveCfg = Debug|Any CPU
		{D525F236-6A2D-4010-B1CC-4A4B8581C90B}.Debug|ARM.Build.0 = Debug|Any CPU
		{D525F236-6A2D-4010-B1CC-4A4B8581C90B}.Debug|iPhone.ActiveCfg = Debug|Any CPU
		{D525F236-6A2D-4010-B1CC-4A4B8581C90B}.Debug|iPhone.Build.0 = Debug|Any CPU
		{D525F236-6A2D-4010-B1CC-4A4B8581C90B}.Debug|iPhoneSimulator.ActiveCfg = Debug|Any CPU
		{D525F236-6A2D-4010-B1CC-4A4B8581C90B}.Debug|iPhoneSimulator.Build.0 = Debug|Any CPU
		{D525F236-6A2D-4010-B1CC-4A4B8581C90B}.Debug|Mixed Platforms.ActiveCfg = Debug|Any CPU
		{D525F236-6A2D-4010-B1CC-4A4B8581C90B}.Debug|Mixed Platforms.Build.0 = Debug|Any CPU
		{D525F236-6A2D-4010-B1CC-4A4B8581C90B}.Debug|x86.ActiveCfg = Debug|Any CPU
		{D525F236-6A2D-4010-B1CC-4A4B8581C90B}.Debug|x86.Build.0 = Debug|Any CPU
		{D525F236-6A2D-4010-B1CC-4A4B8581C90B}.Release|Any CPU.ActiveCfg = Release|Any CPU
		{D525F236-6A2D-4010-B1CC-4A4B8581C90B}.Release|ARM.ActiveCfg = Release|Any CPU
		{D525F236-6A2D-4010-B1CC-4A4B8581C90B}.Release|ARM.Build.0 = Release|Any CPU
		{D525F236-6A2D-4010-B1CC-4A4B8581C90B}.Release|iPhone.ActiveCfg = Release|Any CPU
		{D525F236-6A2D-4010-B1CC-4A4B8581C90B}.Release|iPhone.Build.0 = Release|Any CPU
		{D525F236-6A2D-4010-B1CC-4A4B8581C90B}.Release|iPhoneSimulator.ActiveCfg = Release|Any CPU
		{D525F236-6A2D-4010-B1CC-4A4B8581C90B}.Release|iPhoneSimulator.Build.0 = Release|Any CPU
		{D525F236-6A2D-4010-B1CC-4A4B8581C90B}.Release|Mixed Platforms.ActiveCfg = Release|Any CPU
		{D525F236-6A2D-4010-B1CC-4A4B8581C90B}.Release|Mixed Platforms.Build.0 = Release|Any CPU
		{D525F236-6A2D-4010-B1CC-4A4B8581C90B}.Release|x86.ActiveCfg = Release|Any CPU
		{D525F236-6A2D-4010-B1CC-4A4B8581C90B}.Release|x86.Build.0 = Release|Any CPU
		{2BDB1596-0F3F-4E2E-B8DE-F3DD7FCC9F27}.Ad-Hoc|Any CPU.ActiveCfg = Release|Any CPU
		{2BDB1596-0F3F-4E2E-B8DE-F3DD7FCC9F27}.Ad-Hoc|Any CPU.Build.0 = Release|Any CPU
		{2BDB1596-0F3F-4E2E-B8DE-F3DD7FCC9F27}.Ad-Hoc|ARM.ActiveCfg = Release|Any CPU
		{2BDB1596-0F3F-4E2E-B8DE-F3DD7FCC9F27}.Ad-Hoc|ARM.Build.0 = Release|Any CPU
		{2BDB1596-0F3F-4E2E-B8DE-F3DD7FCC9F27}.Ad-Hoc|iPhone.ActiveCfg = Release|Any CPU
		{2BDB1596-0F3F-4E2E-B8DE-F3DD7FCC9F27}.Ad-Hoc|iPhoneSimulator.ActiveCfg = Release|Any CPU
		{2BDB1596-0F3F-4E2E-B8DE-F3DD7FCC9F27}.Ad-Hoc|iPhoneSimulator.Build.0 = Release|Any CPU
		{2BDB1596-0F3F-4E2E-B8DE-F3DD7FCC9F27}.Ad-Hoc|Mixed Platforms.ActiveCfg = Release|Any CPU
		{2BDB1596-0F3F-4E2E-B8DE-F3DD7FCC9F27}.Ad-Hoc|Mixed Platforms.Build.0 = Release|Any CPU
		{2BDB1596-0F3F-4E2E-B8DE-F3DD7FCC9F27}.Ad-Hoc|x86.ActiveCfg = Release|Any CPU
		{2BDB1596-0F3F-4E2E-B8DE-F3DD7FCC9F27}.Ad-Hoc|x86.Build.0 = Release|Any CPU
		{2BDB1596-0F3F-4E2E-B8DE-F3DD7FCC9F27}.AppStore|Any CPU.ActiveCfg = Release|Any CPU
		{2BDB1596-0F3F-4E2E-B8DE-F3DD7FCC9F27}.AppStore|Any CPU.Build.0 = Release|Any CPU
		{2BDB1596-0F3F-4E2E-B8DE-F3DD7FCC9F27}.AppStore|ARM.ActiveCfg = Release|Any CPU
		{2BDB1596-0F3F-4E2E-B8DE-F3DD7FCC9F27}.AppStore|ARM.Build.0 = Release|Any CPU
		{2BDB1596-0F3F-4E2E-B8DE-F3DD7FCC9F27}.AppStore|iPhone.ActiveCfg = Release|Any CPU
		{2BDB1596-0F3F-4E2E-B8DE-F3DD7FCC9F27}.AppStore|iPhone.Build.0 = Release|Any CPU
		{2BDB1596-0F3F-4E2E-B8DE-F3DD7FCC9F27}.AppStore|iPhoneSimulator.ActiveCfg = Release|Any CPU
		{2BDB1596-0F3F-4E2E-B8DE-F3DD7FCC9F27}.AppStore|iPhoneSimulator.Build.0 = Release|Any CPU
		{2BDB1596-0F3F-4E2E-B8DE-F3DD7FCC9F27}.AppStore|Mixed Platforms.ActiveCfg = Release|Any CPU
		{2BDB1596-0F3F-4E2E-B8DE-F3DD7FCC9F27}.AppStore|Mixed Platforms.Build.0 = Release|Any CPU
		{2BDB1596-0F3F-4E2E-B8DE-F3DD7FCC9F27}.AppStore|x86.ActiveCfg = Release|Any CPU
		{2BDB1596-0F3F-4E2E-B8DE-F3DD7FCC9F27}.AppStore|x86.Build.0 = Release|Any CPU
		{2BDB1596-0F3F-4E2E-B8DE-F3DD7FCC9F27}.Debug|Any CPU.ActiveCfg = Debug|Any CPU
		{2BDB1596-0F3F-4E2E-B8DE-F3DD7FCC9F27}.Debug|ARM.ActiveCfg = Debug|Any CPU
		{2BDB1596-0F3F-4E2E-B8DE-F3DD7FCC9F27}.Debug|ARM.Build.0 = Debug|Any CPU
		{2BDB1596-0F3F-4E2E-B8DE-F3DD7FCC9F27}.Debug|iPhone.ActiveCfg = Debug|Any CPU
		{2BDB1596-0F3F-4E2E-B8DE-F3DD7FCC9F27}.Debug|iPhoneSimulator.ActiveCfg = Debug|Any CPU
		{2BDB1596-0F3F-4E2E-B8DE-F3DD7FCC9F27}.Debug|Mixed Platforms.ActiveCfg = Debug|Any CPU
		{2BDB1596-0F3F-4E2E-B8DE-F3DD7FCC9F27}.Debug|Mixed Platforms.Build.0 = Debug|Any CPU
		{2BDB1596-0F3F-4E2E-B8DE-F3DD7FCC9F27}.Debug|x86.ActiveCfg = Debug|Any CPU
		{2BDB1596-0F3F-4E2E-B8DE-F3DD7FCC9F27}.Debug|x86.Build.0 = Debug|Any CPU
		{2BDB1596-0F3F-4E2E-B8DE-F3DD7FCC9F27}.Release|Any CPU.ActiveCfg = Release|Any CPU
		{2BDB1596-0F3F-4E2E-B8DE-F3DD7FCC9F27}.Release|ARM.ActiveCfg = Release|Any CPU
		{2BDB1596-0F3F-4E2E-B8DE-F3DD7FCC9F27}.Release|ARM.Build.0 = Release|Any CPU
		{2BDB1596-0F3F-4E2E-B8DE-F3DD7FCC9F27}.Release|iPhone.ActiveCfg = Release|Any CPU
		{2BDB1596-0F3F-4E2E-B8DE-F3DD7FCC9F27}.Release|iPhone.Build.0 = Release|Any CPU
		{2BDB1596-0F3F-4E2E-B8DE-F3DD7FCC9F27}.Release|iPhoneSimulator.ActiveCfg = Release|Any CPU
		{2BDB1596-0F3F-4E2E-B8DE-F3DD7FCC9F27}.Release|iPhoneSimulator.Build.0 = Release|Any CPU
		{2BDB1596-0F3F-4E2E-B8DE-F3DD7FCC9F27}.Release|Mixed Platforms.ActiveCfg = Release|Any CPU
		{2BDB1596-0F3F-4E2E-B8DE-F3DD7FCC9F27}.Release|x86.ActiveCfg = Release|Any CPU
		{2BDB1596-0F3F-4E2E-B8DE-F3DD7FCC9F27}.Release|x86.Build.0 = Release|Any CPU
		{F5675660-5A30-4CEC-AE5F-F19194AFF326}.Ad-Hoc|Any CPU.ActiveCfg = Release|Any CPU
		{F5675660-5A30-4CEC-AE5F-F19194AFF326}.Ad-Hoc|Any CPU.Build.0 = Release|Any CPU
		{F5675660-5A30-4CEC-AE5F-F19194AFF326}.Ad-Hoc|ARM.ActiveCfg = Release|Any CPU
		{F5675660-5A30-4CEC-AE5F-F19194AFF326}.Ad-Hoc|ARM.Build.0 = Release|Any CPU
		{F5675660-5A30-4CEC-AE5F-F19194AFF326}.Ad-Hoc|iPhone.ActiveCfg = Release|Any CPU
		{F5675660-5A30-4CEC-AE5F-F19194AFF326}.Ad-Hoc|iPhoneSimulator.ActiveCfg = Release|Any CPU
		{F5675660-5A30-4CEC-AE5F-F19194AFF326}.Ad-Hoc|iPhoneSimulator.Build.0 = Release|Any CPU
		{F5675660-5A30-4CEC-AE5F-F19194AFF326}.Ad-Hoc|Mixed Platforms.ActiveCfg = Release|Any CPU
		{F5675660-5A30-4CEC-AE5F-F19194AFF326}.Ad-Hoc|Mixed Platforms.Build.0 = Release|Any CPU
		{F5675660-5A30-4CEC-AE5F-F19194AFF326}.Ad-Hoc|x86.ActiveCfg = Release|Any CPU
		{F5675660-5A30-4CEC-AE5F-F19194AFF326}.Ad-Hoc|x86.Build.0 = Release|Any CPU
		{F5675660-5A30-4CEC-AE5F-F19194AFF326}.AppStore|Any CPU.ActiveCfg = Release|Any CPU
		{F5675660-5A30-4CEC-AE5F-F19194AFF326}.AppStore|Any CPU.Build.0 = Release|Any CPU
		{F5675660-5A30-4CEC-AE5F-F19194AFF326}.AppStore|ARM.ActiveCfg = Release|Any CPU
		{F5675660-5A30-4CEC-AE5F-F19194AFF326}.AppStore|ARM.Build.0 = Release|Any CPU
		{F5675660-5A30-4CEC-AE5F-F19194AFF326}.AppStore|iPhone.ActiveCfg = Release|Any CPU
		{F5675660-5A30-4CEC-AE5F-F19194AFF326}.AppStore|iPhone.Build.0 = Release|Any CPU
		{F5675660-5A30-4CEC-AE5F-F19194AFF326}.AppStore|iPhoneSimulator.ActiveCfg = Release|Any CPU
		{F5675660-5A30-4CEC-AE5F-F19194AFF326}.AppStore|iPhoneSimulator.Build.0 = Release|Any CPU
		{F5675660-5A30-4CEC-AE5F-F19194AFF326}.AppStore|Mixed Platforms.ActiveCfg = Release|Any CPU
		{F5675660-5A30-4CEC-AE5F-F19194AFF326}.AppStore|Mixed Platforms.Build.0 = Release|Any CPU
		{F5675660-5A30-4CEC-AE5F-F19194AFF326}.AppStore|x86.ActiveCfg = Release|Any CPU
		{F5675660-5A30-4CEC-AE5F-F19194AFF326}.AppStore|x86.Build.0 = Release|Any CPU
		{F5675660-5A30-4CEC-AE5F-F19194AFF326}.Debug|Any CPU.ActiveCfg = Debug|Any CPU
		{F5675660-5A30-4CEC-AE5F-F19194AFF326}.Debug|Any CPU.Build.0 = Debug|Any CPU
		{F5675660-5A30-4CEC-AE5F-F19194AFF326}.Debug|ARM.ActiveCfg = Debug|Any CPU
		{F5675660-5A30-4CEC-AE5F-F19194AFF326}.Debug|ARM.Build.0 = Debug|Any CPU
		{F5675660-5A30-4CEC-AE5F-F19194AFF326}.Debug|iPhone.ActiveCfg = Debug|Any CPU
		{F5675660-5A30-4CEC-AE5F-F19194AFF326}.Debug|iPhone.Build.0 = Debug|Any CPU
		{F5675660-5A30-4CEC-AE5F-F19194AFF326}.Debug|iPhoneSimulator.ActiveCfg = Debug|Any CPU
		{F5675660-5A30-4CEC-AE5F-F19194AFF326}.Debug|iPhoneSimulator.Build.0 = Debug|Any CPU
		{F5675660-5A30-4CEC-AE5F-F19194AFF326}.Debug|Mixed Platforms.ActiveCfg = Debug|Any CPU
		{F5675660-5A30-4CEC-AE5F-F19194AFF326}.Debug|Mixed Platforms.Build.0 = Debug|Any CPU
		{F5675660-5A30-4CEC-AE5F-F19194AFF326}.Debug|x86.ActiveCfg = Debug|Any CPU
		{F5675660-5A30-4CEC-AE5F-F19194AFF326}.Debug|x86.Build.0 = Debug|Any CPU
		{F5675660-5A30-4CEC-AE5F-F19194AFF326}.Release|Any CPU.ActiveCfg = Release|Any CPU
		{F5675660-5A30-4CEC-AE5F-F19194AFF326}.Release|Any CPU.Build.0 = Release|Any CPU
		{F5675660-5A30-4CEC-AE5F-F19194AFF326}.Release|ARM.ActiveCfg = Release|Any CPU
		{F5675660-5A30-4CEC-AE5F-F19194AFF326}.Release|ARM.Build.0 = Release|Any CPU
		{F5675660-5A30-4CEC-AE5F-F19194AFF326}.Release|iPhone.ActiveCfg = Release|Any CPU
		{F5675660-5A30-4CEC-AE5F-F19194AFF326}.Release|iPhone.Build.0 = Release|Any CPU
		{F5675660-5A30-4CEC-AE5F-F19194AFF326}.Release|iPhoneSimulator.ActiveCfg = Release|Any CPU
		{F5675660-5A30-4CEC-AE5F-F19194AFF326}.Release|iPhoneSimulator.Build.0 = Release|Any CPU
		{F5675660-5A30-4CEC-AE5F-F19194AFF326}.Release|Mixed Platforms.ActiveCfg = Release|Any CPU
		{F5675660-5A30-4CEC-AE5F-F19194AFF326}.Release|Mixed Platforms.Build.0 = Release|Any CPU
		{F5675660-5A30-4CEC-AE5F-F19194AFF326}.Release|x86.ActiveCfg = Release|Any CPU
		{F5675660-5A30-4CEC-AE5F-F19194AFF326}.Release|x86.Build.0 = Release|Any CPU
	EndGlobalSection
	GlobalSection(SolutionProperties) = preSolution
		HideSolutionNode = FALSE
	EndGlobalSection
	GlobalSection(NestedProjects) = preSolution
		{14C534B6-1984-41A9-A384-D3A5508588E3} = {3C53A813-527B-41DD-A66F-8F60C4B1BF11}
		{AD2D2DB4-E781-4CF1-9B62-3AAD264F196D} = {3C53A813-527B-41DD-A66F-8F60C4B1BF11}
		{D525F236-6A2D-4010-B1CC-4A4B8581C90B} = {3C53A813-527B-41DD-A66F-8F60C4B1BF11}
	EndGlobalSection
	GlobalSection(TeamFoundationVersionControl) = preSolution
		SccNumberOfProjects = 13
		SccEnterpriseProvider = {4CA58AB2-18FA-4F8D-95D4-32DDF27D184C}
		SccTeamFoundationServer = https://pinnacleps.visualstudio.com/
		SccLocalPath0 = .
		SccProjectUniqueName1 = ODISMember\\ODISMember.Droid\\ODISMember.Droid.csproj
		SccProjectName1 = ODISMember/ODISMember.Droid
		SccLocalPath1 = ODISMember\\ODISMember.Droid
		SccProjectUniqueName2 = ODISMember\\ODISMember.iOS\\ODISMember.iOS.csproj
		SccProjectName2 = ODISMember/ODISMember.iOS
		SccLocalPath2 = ODISMember\\ODISMember.iOS
		SccProjectUniqueName3 = ODISMember\\ODISMember.WinPhone\\ODISMember.WinPhone.csproj
		SccProjectName3 = ODISMember/ODISMember.WinPhone
		SccLocalPath3 = ODISMember\\ODISMember.WinPhone
		SccProjectUniqueName4 = ODISMember\\ODISMember\\ODISMember.csproj
		SccProjectName4 = ODISMember/ODISMember
		SccLocalPath4 = ODISMember\\ODISMember
		SccProjectUniqueName5 = ODISMember.Entities\\ODISMember.Entities.csproj
		SccProjectName5 = ODISMember.Entities
		SccLocalPath5 = ODISMember.Entities
		SccProjectUniqueName6 = ODISMember.Services\\ODISMember.Services.csproj
		SccProjectName6 = ODISMember.Services
		SccLocalPath6 = ODISMember.Services
		SccProjectUniqueName7 = ODISMember.UITests\\ODISMember.UITests.csproj
		SccProjectName7 = ODISMember.UITests
		SccLocalPath7 = ODISMember.UITests
		SccProjectUniqueName8 = TK.CustomMap\\TK.CustomMap\\TK.CustomMap.csproj
		SccProjectTopLevelParentUniqueName8 = ODISMember.sln
		SccProjectName8 = TK.CustomMap/TK.CustomMap
		SccLocalPath8 = TK.CustomMap\\TK.CustomMap
		SccProjectUniqueName9 = TK.CustomMap\\TK.CustomMap.Android\\TK.CustomMap.Android.csproj
		SccProjectTopLevelParentUniqueName9 = ODISMember.sln
		SccProjectName9 = TK.CustomMap/TK.CustomMap.Android
		SccLocalPath9 = TK.CustomMap\\TK.CustomMap.Android
		SccProjectUniqueName10 = TK.CustomMap\\TK.CustomMap.iOSUnified\\TK.CustomMap.iOSUnified.csproj
		SccProjectTopLevelParentUniqueName10 = ODISMember.sln
		SccProjectName10 = TK.CustomMap/TK.CustomMap.iOSUnified
		SccLocalPath10 = TK.CustomMap\\TK.CustomMap.iOSUnified
		SccProjectUniqueName11 = Xamarin.CropView\\Xamarin.CropView.csproj
		SccProjectName11 = Xamarin.CropView
		SccLocalPath11 = Xamarin.CropView
		SccProjectUniqueName12 = Mobile.UITest\\Mobile.UITest.csproj
		SccProjectName12 = Mobile.UITest
		SccLocalPath12 = Mobile.UITest
	EndGlobalSection
EndGlobal
